
Microsoft Visual Studio Solution File, Format Version 12.00
# Visual Studio Version 17
VisualStudioVersion = 17.2.32616.157
MinimumVisualStudioVersion = 10.0.40219.1
Project("{FAE04EC0-301F-11D3-BF4B-00C04F79EFBC}") = "MergeTool", "MergeTool\MergeTool.csproj", "{649D221B-3378-4DA7-A5F9-061BA97C6948}"
EndProject
Global
	GlobalSection(SolutionConfigurationPlatforms) = preSolution
		Debug|Any CPU = Debug|Any CPU
		Release|Any CPU = Release|Any CPU
	EndGlobalSection
	GlobalSection(ProjectConfigurationPlatforms) = postSolution
		{649D221B-3378-4DA7-A5F9-061BA97C6948}.Debug|Any CPU.ActiveCfg = Debug|Any CPU
		{649D221B-3378-4DA7-A5F9-061BA97C6948}.Debug|Any CPU.Build.0 = Debug|Any CPU
		{649D221B-3378-4DA7-A5F9-061BA97C6948}.Release|Any CPU.ActiveCfg = Release|Any CPU
		{649D221B-3378-4DA7-A5F9-061BA97C6948}.Release|Any CPU.Build.0 = Release|Any CPU
	EndGlobalSection
	GlobalSection(SolutionProperties) = preSolution
		HideSolutionNode = FALSE
	EndGlobalSection
	GlobalSection(ExtensibilityGlobals) = postSolution
		SolutionGuid = {B303042B-5988-4735-ADFA-ACF1974E77B8}
	EndGlobalSection
EndGlobal
