
Microsoft Visual Studio Solution File, Format Version 12.00
# Visual Studio Version 17
VisualStudioVersion = 17.2.32616.157
MinimumVisualStudioVersion = 10.0.40219.1
Project("{9A19103F-16F7-4668-BE54-9A1E7A4F7556}") = "MergeTool", "MergeTool\MergeTool.csproj", "{649D221B-3378-4DA7-A5F9-061BA97C6948}"
EndProject
Project("{FAE04EC0-301F-11D3-BF4B-00C04F79EFBC}") = "MergeTool_GUI", "MergeTool_GUI\MergeTool_GUI.csproj", "{CD4962E9-D1B5-46AC-B690-C09DB4243732}"
EndProject
Global
	GlobalSection(SolutionConfigurationPlatforms) = preSolution
		Debug|Any CPU = Debug|Any CPU
		Release|Any CPU = Release|Any CPU
	EndGlobalSection
	GlobalSection(ProjectConfigurationPlatforms) = postSolution
		{649D221B-3378-4DA7-A5F9-061BA97C6948}.Debug|Any CPU.ActiveCfg = Debug|Any CPU
		{649D221B-3378-4DA7-A5F9-061BA97C6948}.Debug|Any CPU.Build.0 = Debug|Any CPU
		{649D221B-3378-4DA7-A5F9-061BA97C6948}.Release|Any CPU.ActiveCfg = Release|Any CPU
		{649D221B-3378-4DA7-A5F9-061BA97C6948}.Release|Any CPU.Build.0 = Release|Any CPU
		{CD4962E9-D1B5-46AC-B690-C09DB4243732}.Debug|Any CPU.ActiveCfg = Debug|Any CPU
		{CD4962E9-D1B5-46AC-B690-C09DB4243732}.Debug|Any CPU.Build.0 = Debug|Any CPU
		{CD4962E9-D1B5-46AC-B690-C09DB4243732}.Release|Any CPU.ActiveCfg = Release|Any CPU
		{CD4962E9-D1B5-46AC-B690-C09DB4243732}.Release|Any CPU.Build.0 = Release|Any CPU
	EndGlobalSection
	GlobalSection(SolutionProperties) = preSolution
		HideSolutionNode = FALSE
	EndGlobalSection
	GlobalSection(ExtensibilityGlobals) = postSolution
		SolutionGuid = {B303042B-5988-4735-ADFA-ACF1974E77B8}
	EndGlobalSection
EndGlobal
